// !$*UTF8*$!
{
	archiveVersion = 1;
	classes = {
	};
	objectVersion = 50;
	objects = {

/* Begin PBXBuildFile section */
		124DE0992446A1C000F14B0D /* AppDelegate.swift in Sources */ = {isa = PBXBuildFile; fileRef = 124DE0982446A1C000F14B0D /* AppDelegate.swift */; };
		124DE09B2446A1C000F14B0D /* SceneDelegate.swift in Sources */ = {isa = PBXBuildFile; fileRef = 124DE09A2446A1C000F14B0D /* SceneDelegate.swift */; };
		124DE09D2446A1C000F14B0D /* ViewController.swift in Sources */ = {isa = PBXBuildFile; fileRef = 124DE09C2446A1C000F14B0D /* ViewController.swift */; };
		124DE0A02446A1C000F14B0D /* Main.storyboard in Resources */ = {isa = PBXBuildFile; fileRef = 124DE09E2446A1C000F14B0D /* Main.storyboard */; };
		124DE0A22446A1C600F14B0D /* Assets.xcassets in Resources */ = {isa = PBXBuildFile; fileRef = 124DE0A12446A1C600F14B0D /* Assets.xcassets */; };
		124DE0A52446A1C600F14B0D /* LaunchScreen.storyboard in Resources */ = {isa = PBXBuildFile; fileRef = 124DE0A32446A1C600F14B0D /* LaunchScreen.storyboard */; };
		124DE0B02446A1C600F14B0D /* CircleTests.swift in Sources */ = {isa = PBXBuildFile; fileRef = 124DE0AF2446A1C600F14B0D /* CircleTests.swift */; };
		124DE0BB2446A1C600F14B0D /* CircleUITests.swift in Sources */ = {isa = PBXBuildFile; fileRef = 124DE0BA2446A1C600F14B0D /* CircleUITests.swift */; };
/* End PBXBuildFile section */

/* Begin PBXContainerItemProxy section */
		124DE0AC2446A1C600F14B0D /* PBXContainerItemProxy */ = {
			isa = PBXContainerItemProxy;
			containerPortal = 124DE08D2446A1BF00F14B0D /* Project object */;
			proxyType = 1;
			remoteGlobalIDString = 124DE0942446A1BF00F14B0D;
			remoteInfo = Circle;
		};
		124DE0B72446A1C600F14B0D /* PBXContainerItemProxy */ = {
			isa = PBXContainerItemProxy;
			containerPortal = 124DE08D2446A1BF00F14B0D /* Project object */;
			proxyType = 1;
			remoteGlobalIDString = 124DE0942446A1BF00F14B0D;
			remoteInfo = Circle;
		};
/* End PBXContainerItemProxy section */

/* Begin PBXFileReference section */
		124DE0952446A1C000F14B0D /* Circle.app */ = {isa = PBXFileReference; explicitFileType = wrapper.application; includeInIndex = 0; path = Circle.app; sourceTree = BUILT_PRODUCTS_DIR; };
		124DE0982446A1C000F14B0D /* AppDelegate.swift */ = {isa = PBXFileReference; lastKnownFileType = sourcecode.swift; path = AppDelegate.swift; sourceTree = "<group>"; };
		124DE09A2446A1C000F14B0D /* SceneDelegate.swift */ = {isa = PBXFileReference; lastKnownFileType = sourcecode.swift; path = SceneDelegate.swift; sourceTree = "<group>"; };
		124DE09C2446A1C000F14B0D /* ViewController.swift */ = {isa = PBXFileReference; lastKnownFileType = sourcecode.swift; path = ViewController.swift; sourceTree = "<group>"; };
		124DE09F2446A1C000F14B0D /* Base */ = {isa = PBXFileReference; lastKnownFileType = file.storyboard; name = Base; path = Base.lproj/Main.storyboard; sourceTree = "<group>"; };
		124DE0A12446A1C600F14B0D /* Assets.xcassets */ = {isa = PBXFileReference; lastKnownFileType = folder.assetcatalog; path = Assets.xcassets; sourceTree = "<group>"; };
		124DE0A42446A1C600F14B0D /* Base */ = {isa = PBXFileReference; lastKnownFileType = file.storyboard; name = Base; path = Base.lproj/LaunchScreen.storyboard; sourceTree = "<group>"; };
		124DE0A62446A1C600F14B0D /* Info.plist */ = {isa = PBXFileReference; lastKnownFileType = text.plist.xml; path = Info.plist; sourceTree = "<group>"; };
		124DE0AB2446A1C600F14B0D /* CircleTests.xctest */ = {isa = PBXFileReference; explicitFileType = wrapper.cfbundle; includeInIndex = 0; path = CircleTests.xctest; sourceTree = BUILT_PRODUCTS_DIR; };
		124DE0AF2446A1C600F14B0D /* CircleTests.swift */ = {isa = PBXFileReference; lastKnownFileType = sourcecode.swift; path = CircleTests.swift; sourceTree = "<group>"; };
		124DE0B12446A1C600F14B0D /* Info.plist */ = {isa = PBXFileReference; lastKnownFileType = text.plist.xml; path = Info.plist; sourceTree = "<group>"; };
		124DE0B62446A1C600F14B0D /* CircleUITests.xctest */ = {isa = PBXFileReference; explicitFileType = wrapper.cfbundle; includeInIndex = 0; path = CircleUITests.xctest; sourceTree = BUILT_PRODUCTS_DIR; };
		124DE0BA2446A1C600F14B0D /* CircleUITests.swift */ = {isa = PBXFileReference; lastKnownFileType = sourcecode.swift; path = CircleUITests.swift; sourceTree = "<group>"; };
		124DE0BC2446A1C700F14B0D /* Info.plist */ = {isa = PBXFileReference; lastKnownFileType = text.plist.xml; path = Info.plist; sourceTree = "<group>"; };
/* End PBXFileReference section */

/* Begin PBXFrameworksBuildPhase section */
		124DE0922446A1BF00F14B0D /* Frameworks */ = {
			isa = PBXFrameworksBuildPhase;
			buildActionMask = 2147483647;
			files = (
			);
			runOnlyForDeploymentPostprocessing = 0;
		};
		124DE0A82446A1C600F14B0D /* Frameworks */ = {
			isa = PBXFrameworksBuildPhase;
			buildActionMask = 2147483647;
			files = (
			);
			runOnlyForDeploymentPostprocessing = 0;
		};
		124DE0B32446A1C600F14B0D /* Frameworks */ = {
			isa = PBXFrameworksBuildPhase;
			buildActionMask = 2147483647;
			files = (
			);
			runOnlyForDeploymentPostprocessing = 0;
		};
/* End PBXFrameworksBuildPhase section */

/* Begin PBXGroup section */
		124DE08C2446A1BF00F14B0D = {
			isa = PBXGroup;
			children = (
				124DE0972446A1C000F14B0D /* Circle */,
				124DE0AE2446A1C600F14B0D /* CircleTests */,
				124DE0B92446A1C600F14B0D /* CircleUITests */,
				124DE0962446A1C000F14B0D /* Products */,
			);
			sourceTree = "<group>";
		};
		124DE0962446A1C000F14B0D /* Products */ = {
			isa = PBXGroup;
			children = (
				124DE0952446A1C000F14B0D /* Circle.app */,
				124DE0AB2446A1C600F14B0D /* CircleTests.xctest */,
				124DE0B62446A1C600F14B0D /* CircleUITests.xctest */,
			);
			name = Products;
			sourceTree = "<group>";
		};
		124DE0972446A1C000F14B0D /* Circle */ = {
			isa = PBXGroup;
			children = (
				124DE0982446A1C000F14B0D /* AppDelegate.swift */,
				124DE09A2446A1C000F14B0D /* SceneDelegate.swift */,
				124DE09C2446A1C000F14B0D /* ViewController.swift */,
				124DE09E2446A1C000F14B0D /* Main.storyboard */,
				124DE0A12446A1C600F14B0D /* Assets.xcassets */,
				124DE0A32446A1C600F14B0D /* LaunchScreen.storyboard */,
				124DE0A62446A1C600F14B0D /* Info.plist */,
			);
			path = Circle;
			sourceTree = "<group>";
		};
		124DE0AE2446A1C600F14B0D /* CircleTests */ = {
			isa = PBXGroup;
			children = (
				124DE0AF2446A1C600F14B0D /* CircleTests.swift */,
				124DE0B12446A1C600F14B0D /* Info.plist */,
			);
			path = CircleTests;
			sourceTree = "<group>";
		};
		124DE0B92446A1C600F14B0D /* CircleUITests */ = {
			isa = PBXGroup;
			children = (
				124DE0BA2446A1C600F14B0D /* CircleUITests.swift */,
				124DE0BC2446A1C700F14B0D /* Info.plist */,
			);
			path = CircleUITests;
			sourceTree = "<group>";
		};
/* End PBXGroup section */

/* Begin PBXNativeTarget section */
		124DE0942446A1BF00F14B0D /* Circle */ = {
			isa = PBXNativeTarget;
			buildConfigurationList = 124DE0BF2446A1C700F14B0D /* Build configuration list for PBXNativeTarget "Circle" */;
			buildPhases = (
				124DE0912446A1BF00F14B0D /* Sources */,
				124DE0922446A1BF00F14B0D /* Frameworks */,
				124DE0932446A1BF00F14B0D /* Resources */,
			);
			buildRules = (
			);
			dependencies = (
			);
			name = Circle;
			productName = Circle;
			productReference = 124DE0952446A1C000F14B0D /* Circle.app */;
			productType = "com.apple.product-type.application";
		};
		124DE0AA2446A1C600F14B0D /* CircleTests */ = {
			isa = PBXNativeTarget;
			buildConfigurationList = 124DE0C22446A1C700F14B0D /* Build configuration list for PBXNativeTarget "CircleTests" */;
			buildPhases = (
				124DE0A72446A1C600F14B0D /* Sources */,
				124DE0A82446A1C600F14B0D /* Frameworks */,
				124DE0A92446A1C600F14B0D /* Resources */,
			);
			buildRules = (
			);
			dependencies = (
				124DE0AD2446A1C600F14B0D /* PBXTargetDependency */,
			);
			name = CircleTests;
			productName = CircleTests;
			productReference = 124DE0AB2446A1C600F14B0D /* CircleTests.xctest */;
			productType = "com.apple.product-type.bundle.unit-test";
		};
		124DE0B52446A1C600F14B0D /* CircleUITests */ = {
			isa = PBXNativeTarget;
			buildConfigurationList = 124DE0C52446A1C700F14B0D /* Build configuration list for PBXNativeTarget "CircleUITests" */;
			buildPhases = (
				124DE0B22446A1C600F14B0D /* Sources */,
				124DE0B32446A1C600F14B0D /* Frameworks */,
				124DE0B42446A1C600F14B0D /* Resources */,
			);
			buildRules = (
			);
			dependencies = (
				124DE0B82446A1C600F14B0D /* PBXTargetDependency */,
			);
			name = CircleUITests;
			productName = CircleUITests;
			productReference = 124DE0B62446A1C600F14B0D /* CircleUITests.xctest */;
			productType = "com.apple.product-type.bundle.ui-testing";
		};
/* End PBXNativeTarget section */

/* Begin PBXProject section */
		124DE08D2446A1BF00F14B0D /* Project object */ = {
			isa = PBXProject;
			attributes = {
				LastSwiftUpdateCheck = 1130;
				LastUpgradeCheck = 1130;
				ORGANIZATIONNAME = "Ivanna Peña and Leena Loo";
				TargetAttributes = {
					124DE0942446A1BF00F14B0D = {
						CreatedOnToolsVersion = 11.3.1;
					};
					124DE0AA2446A1C600F14B0D = {
						CreatedOnToolsVersion = 11.3.1;
						TestTargetID = 124DE0942446A1BF00F14B0D;
					};
					124DE0B52446A1C600F14B0D = {
						CreatedOnToolsVersion = 11.3.1;
						TestTargetID = 124DE0942446A1BF00F14B0D;
					};
				};
			};
			buildConfigurationList = 124DE0902446A1BF00F14B0D /* Build configuration list for PBXProject "Circle" */;
			compatibilityVersion = "Xcode 9.3";
			developmentRegion = en;
			hasScannedForEncodings = 0;
			knownRegions = (
				en,
				Base,
			);
			mainGroup = 124DE08C2446A1BF00F14B0D;
			productRefGroup = 124DE0962446A1C000F14B0D /* Products */;
			projectDirPath = "";
			projectRoot = "";
			targets = (
				124DE0942446A1BF00F14B0D /* Circle */,
				124DE0AA2446A1C600F14B0D /* CircleTests */,
				124DE0B52446A1C600F14B0D /* CircleUITests */,
			);
		};
/* End PBXProject section */

/* Begin PBXResourcesBuildPhase section */
		124DE0932446A1BF00F14B0D /* Resources */ = {
			isa = PBXResourcesBuildPhase;
			buildActionMask = 2147483647;
			files = (
				124DE0A52446A1C600F14B0D /* LaunchScreen.storyboard in Resources */,
				124DE0A22446A1C600F14B0D /* Assets.xcassets in Resources */,
				124DE0A02446A1C000F14B0D /* Main.storyboard in Resources */,
			);
			runOnlyForDeploymentPostprocessing = 0;
		};
		124DE0A92446A1C600F14B0D /* Resources */ = {
			isa = PBXResourcesBuildPhase;
			buildActionMask = 2147483647;
			files = (
			);
			runOnlyForDeploymentPostprocessing = 0;
		};
		124DE0B42446A1C600F14B0D /* Resources */ = {
			isa = PBXResourcesBuildPhase;
			buildActionMask = 2147483647;
			files = (
			);
			runOnlyForDeploymentPostprocessing = 0;
		};
/* End PBXResourcesBuildPhase section */

/* Begin PBXSourcesBuildPhase section */
		124DE0912446A1BF00F14B0D /* Sources */ = {
			isa = PBXSourcesBuildPhase;
			buildActionMask = 2147483647;
			files = (
				124DE09D2446A1C000F14B0D /* ViewController.swift in Sources */,
				124DE0992446A1C000F14B0D /* AppDelegate.swift in Sources */,
				124DE09B2446A1C000F14B0D /* SceneDelegate.swift in Sources */,
			);
			runOnlyForDeploymentPostprocessing = 0;
		};
		124DE0A72446A1C600F14B0D /* Sources */ = {
			isa = PBXSourcesBuildPhase;
			buildActionMask = 2147483647;
			files = (
				124DE0B02446A1C600F14B0D /* CircleTests.swift in Sources */,
			);
			runOnlyForDeploymentPostprocessing = 0;
		};
		124DE0B22446A1C600F14B0D /* Sources */ = {
			isa = PBXSourcesBuildPhase;
			buildActionMask = 2147483647;
			files = (
				124DE0BB2446A1C600F14B0D /* CircleUITests.swift in Sources */,
			);
			runOnlyForDeploymentPostprocessing = 0;
		};
/* End PBXSourcesBuildPhase section */

/* Begin PBXTargetDependency section */
		124DE0AD2446A1C600F14B0D /* PBXTargetDependency */ = {
			isa = PBXTargetDependency;
			target = 124DE0942446A1BF00F14B0D /* Circle */;
			targetProxy = 124DE0AC2446A1C600F14B0D /* PBXContainerItemProxy */;
		};
		124DE0B82446A1C600F14B0D /* PBXTargetDependency */ = {
			isa = PBXTargetDependency;
			target = 124DE0942446A1BF00F14B0D /* Circle */;
			targetProxy = 124DE0B72446A1C600F14B0D /* PBXContainerItemProxy */;
		};
/* End PBXTargetDependency section */

/* Begin PBXVariantGroup section */
		124DE09E2446A1C000F14B0D /* Main.storyboard */ = {
			isa = PBXVariantGroup;
			children = (
				124DE09F2446A1C000F14B0D /* Base */,
			);
			name = Main.storyboard;
			sourceTree = "<group>";
		};
		124DE0A32446A1C600F14B0D /* LaunchScreen.storyboard */ = {
			isa = PBXVariantGroup;
			children = (
				124DE0A42446A1C600F14B0D /* Base */,
			);
			name = LaunchScreen.storyboard;
			sourceTree = "<group>";
		};
/* End PBXVariantGroup section */

/* Begin XCBuildConfiguration section */
		124DE0BD2446A1C700F14B0D /* Debug */ = {
			isa = XCBuildConfiguration;
			buildSettings = {
				ALWAYS_SEARCH_USER_PATHS = NO;
				CLANG_ANALYZER_NONNULL = YES;
				CLANG_ANALYZER_NUMBER_OBJECT_CONVERSION = YES_AGGRESSIVE;
				CLANG_CXX_LANGUAGE_STANDARD = "gnu++14";
				CLANG_CXX_LIBRARY = "libc++";
				CLANG_ENABLE_MODULES = YES;
				CLANG_ENABLE_OBJC_ARC = YES;
				CLANG_ENABLE_OBJC_WEAK = YES;
				CLANG_WARN_BLOCK_CAPTURE_AUTORELEASING = YES;
				CLANG_WARN_BOOL_CONVERSION = YES;
				CLANG_WARN_COMMA = YES;
				CLANG_WARN_CONSTANT_CONVERSION = YES;
				CLANG_WARN_DEPRECATED_OBJC_IMPLEMENTATIONS = YES;
				CLANG_WARN_DIRECT_OBJC_ISA_USAGE = YES_ERROR;
				CLANG_WARN_DOCUMENTATION_COMMENTS = YES;
				CLANG_WARN_EMPTY_BODY = YES;
				CLANG_WARN_ENUM_CONVERSION = YES;
				CLANG_WARN_INFINITE_RECURSION = YES;
				CLANG_WARN_INT_CONVERSION = YES;
				CLANG_WARN_NON_LITERAL_NULL_CONVERSION = YES;
				CLANG_WARN_OBJC_IMPLICIT_RETAIN_SELF = YES;
				CLANG_WARN_OBJC_LITERAL_CONVERSION = YES;
				CLANG_WARN_OBJC_ROOT_CLASS = YES_ERROR;
				CLANG_WARN_RANGE_LOOP_ANALYSIS = YES;
				CLANG_WARN_STRICT_PROTOTYPES = YES;
				CLANG_WARN_SUSPICIOUS_MOVE = YES;
				CLANG_WARN_UNGUARDED_AVAILABILITY = YES_AGGRESSIVE;
				CLANG_WARN_UNREACHABLE_CODE = YES;
				CLANG_WARN__DUPLICATE_METHOD_MATCH = YES;
				COPY_PHASE_STRIP = NO;
				DEBUG_INFORMATION_FORMAT = dwarf;
				ENABLE_STRICT_OBJC_MSGSEND = YES;
				ENABLE_TESTABILITY = YES;
				GCC_C_LANGUAGE_STANDARD = gnu11;
				GCC_DYNAMIC_NO_PIC = NO;
				GCC_NO_COMMON_BLOCKS = YES;
				GCC_OPTIMIZATION_LEVEL = 0;
				GCC_PREPROCESSOR_DEFINITIONS = (
					"DEBUG=1",
					"$(inherited)",
				);
				GCC_WARN_64_TO_32_BIT_CONVERSION = YES;
				GCC_WARN_ABOUT_RETURN_TYPE = YES_ERROR;
				GCC_WARN_UNDECLARED_SELECTOR = YES;
				GCC_WARN_UNINITIALIZED_AUTOS = YES_AGGRESSIVE;
				GCC_WARN_UNUSED_FUNCTION = YES;
				GCC_WARN_UNUSED_VARIABLE = YES;
				IPHONEOS_DEPLOYMENT_TARGET = 13.2;
				MTL_ENABLE_DEBUG_INFO = INCLUDE_SOURCE;
				MTL_FAST_MATH = YES;
				ONLY_ACTIVE_ARCH = YES;
				SDKROOT = iphoneos;
				SWIFT_ACTIVE_COMPILATION_CONDITIONS = DEBUG;
				SWIFT_OPTIMIZATION_LEVEL = "-Onone";
			};
			name = Debug;
		};
		124DE0BE2446A1C700F14B0D /* Release */ = {
			isa = XCBuildConfiguration;
			buildSettings = {
				ALWAYS_SEARCH_USER_PATHS = NO;
				CLANG_ANALYZER_NONNULL = YES;
				CLANG_ANALYZER_NUMBER_OBJECT_CONVERSION = YES_AGGRESSIVE;
				CLANG_CXX_LANGUAGE_STANDARD = "gnu++14";
				CLANG_CXX_LIBRARY = "libc++";
				CLANG_ENABLE_MODULES = YES;
				CLANG_ENABLE_OBJC_ARC = YES;
				CLANG_ENABLE_OBJC_WEAK = YES;
				CLANG_WARN_BLOCK_CAPTURE_AUTORELEASING = YES;
				CLANG_WARN_BOOL_CONVERSION = YES;
				CLANG_WARN_COMMA = YES;
				CLANG_WARN_CONSTANT_CONVERSION = YES;
				CLANG_WARN_DEPRECATED_OBJC_IMPLEMENTATIONS = YES;
				CLANG_WARN_DIRECT_OBJC_ISA_USAGE = YES_ERROR;
				CLANG_WARN_DOCUMENTATION_COMMENTS = YES;
				CLANG_WARN_EMPTY_BODY = YES;
				CLANG_WARN_ENUM_CONVERSION = YES;
				CLANG_WARN_INFINITE_RECURSION = YES;
				CLANG_WARN_INT_CONVERSION = YES;
				CLANG_WARN_NON_LITERAL_NULL_CONVERSION = YES;
				CLANG_WARN_OBJC_IMPLICIT_RETAIN_SELF = YES;
				CLANG_WARN_OBJC_LITERAL_CONVERSION = YES;
				CLANG_WARN_OBJC_ROOT_CLASS = YES_ERROR;
				CLANG_WARN_RANGE_LOOP_ANALYSIS = YES;
				CLANG_WARN_STRICT_PROTOTYPES = YES;
				CLANG_WARN_SUSPICIOUS_MOVE = YES;
				CLANG_WARN_UNGUARDED_AVAILABILITY = YES_AGGRESSIVE;
				CLANG_WARN_UNREACHABLE_CODE = YES;
				CLANG_WARN__DUPLICATE_METHOD_MATCH = YES;
				COPY_PHASE_STRIP = NO;
				DEBUG_INFORMATION_FORMAT = "dwarf-with-dsym";
				ENABLE_NS_ASSERTIONS = NO;
				ENABLE_STRICT_OBJC_MSGSEND = YES;
				GCC_C_LANGUAGE_STANDARD = gnu11;
				GCC_NO_COMMON_BLOCKS = YES;
				GCC_WARN_64_TO_32_BIT_CONVERSION = YES;
				GCC_WARN_ABOUT_RETURN_TYPE = YES_ERROR;
				GCC_WARN_UNDECLARED_SELECTOR = YES;
				GCC_WARN_UNINITIALIZED_AUTOS = YES_AGGRESSIVE;
				GCC_WARN_UNUSED_FUNCTION = YES;
				GCC_WARN_UNUSED_VARIABLE = YES;
				IPHONEOS_DEPLOYMENT_TARGET = 13.2;
				MTL_ENABLE_DEBUG_INFO = NO;
				MTL_FAST_MATH = YES;
				SDKROOT = iphoneos;
				SWIFT_COMPILATION_MODE = wholemodule;
				SWIFT_OPTIMIZATION_LEVEL = "-O";
				VALIDATE_PRODUCT = YES;
			};
			name = Release;
		};
		124DE0C02446A1C700F14B0D /* Debug */ = {
			isa = XCBuildConfiguration;
			buildSettings = {
				ASSETCATALOG_COMPILER_APPICON_NAME = AppIcon;
				CODE_SIGN_STYLE = Automatic;
				DEVELOPMENT_TEAM = NAHHS82URL;
				INFOPLIST_FILE = Circle/Info.plist;
				LD_RUNPATH_SEARCH_PATHS = (
					"$(inherited)",
					"@executable_path/Frameworks",
				);
				PRODUCT_BUNDLE_IDENTIFIER = iosprogramming.Circle;
				PRODUCT_NAME = "$(TARGET_NAME)";
				SWIFT_VERSION = 5.0;
				TARGETED_DEVICE_FAMILY = "1,2";
			};
			name = Debug;
		};
		124DE0C12446A1C700F14B0D /* Release */ = {
			isa = XCBuildConfiguration;
			buildSettings = {
				ASSETCATALOG_COMPILER_APPICON_NAME = AppIcon;
				CODE_SIGN_STYLE = Automatic;
				DEVELOPMENT_TEAM = NAHHS82URL;
				INFOPLIST_FILE = Circle/Info.plist;
				LD_RUNPATH_SEARCH_PATHS = (
					"$(inherited)",
					"@executable_path/Frameworks",
				);
				PRODUCT_BUNDLE_IDENTIFIER = iosprogramming.Circle;
				PRODUCT_NAME = "$(TARGET_NAME)";
				SWIFT_VERSION = 5.0;
				TARGETED_DEVICE_FAMILY = "1,2";
			};
			name = Release;
		};
		124DE0C32446A1C700F14B0D /* Debug */ = {
			isa = XCBuildConfiguration;
			buildSettings = {
				ALWAYS_EMBED_SWIFT_STANDARD_LIBRARIES = YES;
				BUNDLE_LOADER = "$(TEST_HOST)";
				CODE_SIGN_STYLE = Automatic;
				DEVELOPMENT_TEAM = NAHHS82URL;
				INFOPLIST_FILE = CircleTests/Info.plist;
				IPHONEOS_DEPLOYMENT_TARGET = 13.2;
				LD_RUNPATH_SEARCH_PATHS = (
					"$(inherited)",
					"@executable_path/Frameworks",
					"@loader_path/Frameworks",
				);
				PRODUCT_BUNDLE_IDENTIFIER = iosprogramming.CircleTests;
				PRODUCT_NAME = "$(TARGET_NAME)";
				SWIFT_VERSION = 5.0;
				TARGETED_DEVICE_FAMILY = "1,2";
				TEST_HOST = "$(BUILT_PRODUCTS_DIR)/Circle.app/Circle";
			};
			name = Debug;
		};
		124DE0C42446A1C700F14B0D /* Release */ = {
			isa = XCBuildConfiguration;
			buildSettings = {
				ALWAYS_EMBED_SWIFT_STANDARD_LIBRARIES = YES;
				BUNDLE_LOADER = "$(TEST_HOST)";
				CODE_SIGN_STYLE = Automatic;
				DEVELOPMENT_TEAM = NAHHS82URL;
				INFOPLIST_FILE = CircleTests/Info.plist;
				IPHONEOS_DEPLOYMENT_TARGET = 13.2;
				LD_RUNPATH_SEARCH_PATHS = (
					"$(inherited)",
					"@executable_path/Frameworks",
					"@loader_path/Frameworks",
				);
				PRODUCT_BUNDLE_IDENTIFIER = iosprogramming.CircleTests;
				PRODUCT_NAME = "$(TARGET_NAME)";
				SWIFT_VERSION = 5.0;
				TARGETED_DEVICE_FAMILY = "1,2";
				TEST_HOST = "$(BUILT_PRODUCTS_DIR)/Circle.app/Circle";
			};
			name = Release;
		};
		124DE0C62446A1C700F14B0D /* Debug */ = {
			isa = XCBuildConfiguration;
			buildSettings = {
				ALWAYS_EMBED_SWIFT_STANDARD_LIBRARIES = YES;
				CODE_SIGN_STYLE = Automatic;
				DEVELOPMENT_TEAM = NAHHS82URL;
				INFOPLIST_FILE = CircleUITests/Info.plist;
				LD_RUNPATH_SEARCH_PATHS = (
					"$(inherited)",
					"@executable_path/Frameworks",
					"@loader_path/Frameworks",
				);
				PRODUCT_BUNDLE_IDENTIFIER = iosprogramming.CircleUITests;
				PRODUCT_NAME = "$(TARGET_NAME)";
				SWIFT_VERSION = 5.0;
				TARGETED_DEVICE_FAMILY = "1,2";
				TEST_TARGET_NAME = Circle;
			};
			name = Debug;
		};
		124DE0C72446A1C700F14B0D /* Release */ = {
			isa = XCBuildConfiguration;
			buildSettings = {
				ALWAYS_EMBED_SWIFT_STANDARD_LIBRARIES = YES;
				CODE_SIGN_STYLE = Automatic;
				DEVELOPMENT_TEAM = NAHHS82URL;
				INFOPLIST_FILE = CircleUITests/Info.plist;
				LD_RUNPATH_SEARCH_PATHS = (
					"$(inherited)",
					"@executable_path/Frameworks",
					"@loader_path/Frameworks",
				);
				PRODUCT_BUNDLE_IDENTIFIER = iosprogramming.CircleUITests;
				PRODUCT_NAME = "$(TARGET_NAME)";
				SWIFT_VERSION = 5.0;
				TARGETED_DEVICE_FAMILY = "1,2";
				TEST_TARGET_NAME = Circle;
			};
			name = Release;
		};
/* End XCBuildConfiguration section */

/* Begin XCConfigurationList section */
		124DE0902446A1BF00F14B0D /* Build configuration list for PBXProject "Circle" */ = {
			isa = XCConfigurationList;
			buildConfigurations = (
				124DE0BD2446A1C700F14B0D /* Debug */,
				124DE0BE2446A1C700F14B0D /* Release */,
			);
			defaultConfigurationIsVisible = 0;
			defaultConfigurationName = Release;
		};
		124DE0BF2446A1C700F14B0D /* Build configuration list for PBXNativeTarget "Circle" */ = {
			isa = XCConfigurationList;
			buildConfigurations = (
				124DE0C02446A1C700F14B0D /* Debug */,
				124DE0C12446A1C700F14B0D /* Release */,
			);
			defaultConfigurationIsVisible = 0;
			defaultConfigurationName = Release;
		};
		124DE0C22446A1C700F14B0D /* Build configuration list for PBXNativeTarget "CircleTests" */ = {
			isa = XCConfigurationList;
			buildConfigurations = (
				124DE0C32446A1C700F14B0D /* Debug */,
				124DE0C42446A1C700F14B0D /* Release */,
			);
			defaultConfigurationIsVisible = 0;
			defaultConfigurationName = Release;
		};
		124DE0C52446A1C700F14B0D /* Build configuration list for PBXNativeTarget "CircleUITests" */ = {
			isa = XCConfigurationList;
			buildConfigurations = (
				124DE0C62446A1C700F14B0D /* Debug */,
				124DE0C72446A1C700F14B0D /* Release */,
			);
			defaultConfigurationIsVisible = 0;
			defaultConfigurationName = Release;
		};
/* End XCConfigurationList section */
	};
	rootObject = 124DE08D2446A1BF00F14B0D /* Project object */;
}
